
Microsoft Visual Studio Solution File, Format Version 12.00
# Visual Studio Version 17
VisualStudioVersion = 17.12.35707.178 d17.12
MinimumVisualStudioVersion = 10.0.40219.1
Project("{2150E333-8FDC-42A3-9474-1A3956D46DE8}") = "Task0", "Task0", "{C20B93AD-CEA5-48B2-88FB-A83AA34E1BFD}"
EndProject
Project("{FAE04EC0-301F-11D3-BF4B-00C04F79EFBC}") = "Tyuiu.FendelNS.Sprint4.Task0.V18", "Tyuiu.FendelNS.Sprint4.Task0.V18\Tyuiu.FendelNS.Sprint4.Task0.V18.csproj", "{263F4CE8-A183-4895-BFA0-E2E16D592083}"
EndProject
Project("{FAE04EC0-301F-11D3-BF4B-00C04F79EFBC}") = "Tyuiu.FendelNS.Sprint4.Task0.V18.Lib", "Tyuiu.FendelNS.Sprint4.Task0.V18.Lib\Tyuiu.FendelNS.Sprint4.Task0.V18.Lib.csproj", "{3D4B5ED6-8C73-4D0B-A0B3-4ECFC7D0238B}"
EndProject
Project("{FAE04EC0-301F-11D3-BF4B-00C04F79EFBC}") = "Tyuiu.FendelNS.Sprint4.Task0.V18.Test", "Tyuiu.FendelNS.Sprint4.Task0.V18.Test\Tyuiu.FendelNS.Sprint4.Task0.V18.Test.csproj", "{529ED9E2-8127-4AFA-B6E6-B6CAE4994746}"
EndProject
Global
	GlobalSection(SolutionConfigurationPlatforms) = preSolution
		Debug|Any CPU = Debug|Any CPU
		Release|Any CPU = Release|Any CPU
	EndGlobalSection
	GlobalSection(ProjectConfigurationPlatforms) = postSolution
		{263F4CE8-A183-4895-BFA0-E2E16D592083}.Debug|Any CPU.ActiveCfg = Debug|Any CPU
		{263F4CE8-A183-4895-BFA0-E2E16D592083}.Debug|Any CPU.Build.0 = Debug|Any CPU
		{263F4CE8-A183-4895-BFA0-E2E16D592083}.Release|Any CPU.ActiveCfg = Release|Any CPU
		{263F4CE8-A183-4895-BFA0-E2E16D592083}.Release|Any CPU.Build.0 = Release|Any CPU
		{3D4B5ED6-8C73-4D0B-A0B3-4ECFC7D0238B}.Debug|Any CPU.ActiveCfg = Debug|Any CPU
		{3D4B5ED6-8C73-4D0B-A0B3-4ECFC7D0238B}.Debug|Any CPU.Build.0 = Debug|Any CPU
		{3D4B5ED6-8C73-4D0B-A0B3-4ECFC7D0238B}.Release|Any CPU.ActiveCfg = Release|Any CPU
		{3D4B5ED6-8C73-4D0B-A0B3-4ECFC7D0238B}.Release|Any CPU.Build.0 = Release|Any CPU
		{529ED9E2-8127-4AFA-B6E6-B6CAE4994746}.Debug|Any CPU.ActiveCfg = Debug|Any CPU
		{529ED9E2-8127-4AFA-B6E6-B6CAE4994746}.Debug|Any CPU.Build.0 = Debug|Any CPU
		{529ED9E2-8127-4AFA-B6E6-B6CAE4994746}.Release|Any CPU.ActiveCfg = Release|Any CPU
		{529ED9E2-8127-4AFA-B6E6-B6CAE4994746}.Release|Any CPU.Build.0 = Release|Any CPU
	EndGlobalSection
	GlobalSection(SolutionProperties) = preSolution
		HideSolutionNode = FALSE
	EndGlobalSection
	GlobalSection(NestedProjects) = preSolution
		{263F4CE8-A183-4895-BFA0-E2E16D592083} = {C20B93AD-CEA5-48B2-88FB-A83AA34E1BFD}
		{3D4B5ED6-8C73-4D0B-A0B3-4ECFC7D0238B} = {C20B93AD-CEA5-48B2-88FB-A83AA34E1BFD}
		{529ED9E2-8127-4AFA-B6E6-B6CAE4994746} = {C20B93AD-CEA5-48B2-88FB-A83AA34E1BFD}
	EndGlobalSection
EndGlobal
