
Microsoft Visual Studio Solution File, Format Version 12.00
# Visual Studio Version 17
VisualStudioVersion = 17.12.35707.178 d17.12
MinimumVisualStudioVersion = 10.0.40219.1
Project("{2150E333-8FDC-42A3-9474-1A3956D46DE8}") = "Task0", "Task0", "{C20B93AD-CEA5-48B2-88FB-A83AA34E1BFD}"
EndProject
Project("{FAE04EC0-301F-11D3-BF4B-00C04F79EFBC}") = "Tyuiu.FendelNS.Sprint4.Task0.V18", "Tyuiu.FendelNS.Sprint4.Task0.V18\Tyuiu.FendelNS.Sprint4.Task0.V18.csproj", "{263F4CE8-A183-4895-BFA0-E2E16D592083}"
EndProject
Project("{FAE04EC0-301F-11D3-BF4B-00C04F79EFBC}") = "Tyuiu.FendelNS.Sprint4.Task0.V18.Lib", "Tyuiu.FendelNS.Sprint4.Task0.V18.Lib\Tyuiu.FendelNS.Sprint4.Task0.V18.Lib.csproj", "{3D4B5ED6-8C73-4D0B-A0B3-4ECFC7D0238B}"
EndProject
Project("{FAE04EC0-301F-11D3-BF4B-00C04F79EFBC}") = "Tyuiu.FendelNS.Sprint4.Task0.V18.Test", "Tyuiu.FendelNS.Sprint4.Task0.V18.Test\Tyuiu.FendelNS.Sprint4.Task0.V18.Test.csproj", "{529ED9E2-8127-4AFA-B6E6-B6CAE4994746}"
EndProject
Project("{2150E333-8FDC-42A3-9474-1A3956D46DE8}") = "Task1", "Task1", "{64F2103E-8106-4E19-ACAF-7F158CF220C4}"
EndProject
Project("{FAE04EC0-301F-11D3-BF4B-00C04F79EFBC}") = "Tyuiu.FendelNS.Sprint4.Task1.V17", "Tyuiu.FendelNS.Sprint4.Task1.V17\Tyuiu.FendelNS.Sprint4.Task1.V17.csproj", "{017F9A18-983C-4A66-BDDE-809EEFB99F33}"
EndProject
Project("{FAE04EC0-301F-11D3-BF4B-00C04F79EFBC}") = "Tyuiu.FendelNS.Sprint4.Task1.V17.Lib", "Tyuiu.FendelNS.Sprint4.Task1.V17.Lib\Tyuiu.FendelNS.Sprint4.Task1.V17.Lib.csproj", "{21948101-6293-46A0-94A6-DC3701E9F774}"
EndProject
Project("{FAE04EC0-301F-11D3-BF4B-00C04F79EFBC}") = "Tyuiu.FendelNS.Sprint4.Task1.V17.Test", "Tyuiu.FendelNS.Sprint4.Task1.V17.Test\Tyuiu.FendelNS.Sprint4.Task1.V17.Test.csproj", "{9F7620E1-15C7-43C3-BAEC-916C0A978FD6}"
EndProject
Project("{2150E333-8FDC-42A3-9474-1A3956D46DE8}") = "Task2", "Task2", "{F4A6AA95-1D79-4810-9D33-9A045C8072A2}"
EndProject
Project("{FAE04EC0-301F-11D3-BF4B-00C04F79EFBC}") = "Tyuiu.FendelNS.Sprint4.Task2.V19", "Tyuiu.FendelNS.Sprint4.Task2.V19\Tyuiu.FendelNS.Sprint4.Task2.V19.csproj", "{C1CF085B-F5D3-460B-930B-DF7DCDEC5B62}"
EndProject
Project("{FAE04EC0-301F-11D3-BF4B-00C04F79EFBC}") = "Tyuiu.FendelNS.Sprint4.Task2.V19.Lib", "Tyuiu.FendelNS.Sprint4.Task2.V19.Lib\Tyuiu.FendelNS.Sprint4.Task2.V19.Lib.csproj", "{8570492C-EE51-4EDD-81C1-011DFE157B12}"
EndProject
Project("{FAE04EC0-301F-11D3-BF4B-00C04F79EFBC}") = "Tyuiu.FendelNS.Sprint4.Task2.V19.Test", "Tyuiu.FendelNS.Sprint4.Task2.V19.Test\Tyuiu.FendelNS.Sprint4.Task2.V19.Test.csproj", "{19334758-A098-4FBF-8D4D-3F4A68D0FF51}"
EndProject
Project("{2150E333-8FDC-42A3-9474-1A3956D46DE8}") = "Task3", "Task3", "{82C4359A-177D-48FB-8444-3B7DD04D461F}"
EndProject
Project("{FAE04EC0-301F-11D3-BF4B-00C04F79EFBC}") = "Tyuiu.FendelNS.Sprint4.Task3.V15", "Tyuiu.FendelNS.Sprint4.Task3.V15\Tyuiu.FendelNS.Sprint4.Task3.V15.csproj", "{C6A47237-B3AB-499D-B102-CBDCCA67172D}"
EndProject
Project("{FAE04EC0-301F-11D3-BF4B-00C04F79EFBC}") = "Tyuiu.FendelNS.Sprint4.Task3.V15.Lib", "Tyuiu.FendelNS.Sprint4.Task3.V15.Lib\Tyuiu.FendelNS.Sprint4.Task3.V15.Lib.csproj", "{67248972-C984-4B5F-8C1F-D924AD856491}"
EndProject
Project("{FAE04EC0-301F-11D3-BF4B-00C04F79EFBC}") = "Tyuiu.FendelNS.Sprint4.Task3.V15.Test", "Tyuiu.FendelNS.Sprint4.Task3.V15.Test\Tyuiu.FendelNS.Sprint4.Task3.V15.Test.csproj", "{490D2B16-2347-494E-BBCE-2FD9429499F8}"
EndProject
Project("{2150E333-8FDC-42A3-9474-1A3956D46DE8}") = "Task4", "Task4", "{327B9361-718C-427F-A8F5-DCF300489B39}"
EndProject
Project("{FAE04EC0-301F-11D3-BF4B-00C04F79EFBC}") = "Tyuiu.FendelNS.Sprint4.Task4.V9", "Tyuiu.FendelNS.Sprint4.Task4.V9\Tyuiu.FendelNS.Sprint4.Task4.V9.csproj", "{DFC24431-4AF1-4E4F-8C28-BB1187B4B4BC}"
EndProject
Project("{FAE04EC0-301F-11D3-BF4B-00C04F79EFBC}") = "Tyuiu.FendelNS.Sprint4.Task4.V9.Lib", "Tyuiu.FendelNS.Sprint4.Task4.V9.Lib\Tyuiu.FendelNS.Sprint4.Task4.V9.Lib.csproj", "{984C6C4B-3CB1-44F1-A125-033FA2FA7343}"
EndProject
Project("{FAE04EC0-301F-11D3-BF4B-00C04F79EFBC}") = "Tyuiu.FendelNS.Sprint4.Task4.V9.Test", "Tyuiu.FendelNS.Sprint4.Task4.V9.Test\Tyuiu.FendelNS.Sprint4.Task4.V9.Test.csproj", "{722815BD-CB52-4267-8EAE-1701C49CFE40}"
EndProject
Project("{2150E333-8FDC-42A3-9474-1A3956D46DE8}") = "Task5", "Task5", "{F56A8C4E-D833-445B-84F0-D98DDCFE09C3}"
EndProject
Project("{FAE04EC0-301F-11D3-BF4B-00C04F79EFBC}") = "Tyuiu.FendelNS.Sprint4.Task5.V4", "Tyuiu.FendelNS.Sprint4.Task5.V4\Tyuiu.FendelNS.Sprint4.Task5.V4.csproj", "{07BDE007-32D5-4D1F-9BE8-232E796CB256}"
EndProject
Project("{FAE04EC0-301F-11D3-BF4B-00C04F79EFBC}") = "Tyuiu.FendelNS.Sprint4.Task5.V4.Lib", "Tyuiu.FendelNS.Sprint4.Task5.V4.Lib\Tyuiu.FendelNS.Sprint4.Task5.V4.Lib.csproj", "{718052E8-34A8-497D-B6BD-475559367E93}"
EndProject
Project("{FAE04EC0-301F-11D3-BF4B-00C04F79EFBC}") = "Tyuiu.FendelNS.Sprint4.Task5.V4.Test", "Tyuiu.FendelNS.Sprint4.Task5.V4.Test\Tyuiu.FendelNS.Sprint4.Task5.V4.Test.csproj", "{67BACB35-DD16-4891-90CB-5C9A4D11D256}"
EndProject
Project("{2150E333-8FDC-42A3-9474-1A3956D46DE8}") = "Task6", "Task6", "{0F1BCEB6-F1C8-462C-9747-358E54F9729A}"
EndProject
Project("{FAE04EC0-301F-11D3-BF4B-00C04F79EFBC}") = "Tyuiu.FendelNS.Sprint4.Task6.V3", "Tyuiu.FendelNS.Sprint4.Task6.V3\Tyuiu.FendelNS.Sprint4.Task6.V3.csproj", "{06487094-7BA5-4E4E-A304-09B682E1EE22}"
EndProject
Project("{FAE04EC0-301F-11D3-BF4B-00C04F79EFBC}") = "Tyuiu.FendelNS.Sprint4.Task6.V3.Lib", "Tyuiu.FendelNS.Sprint4.Task6.V3.Lib\Tyuiu.FendelNS.Sprint4.Task6.V3.Lib.csproj", "{1E07EECD-B7FF-4D81-8DAE-2804ACB6B3EE}"
EndProject
Project("{FAE04EC0-301F-11D3-BF4B-00C04F79EFBC}") = "Tyuiu.FendelNS.Sprint4.Task6.V3.Test", "Tyuiu.FendelNS.Sprint4.Task6.V3.Test\Tyuiu.FendelNS.Sprint4.Task6.V3.Test.csproj", "{18A2B420-31D5-4FEB-B706-05131C90984C}"
EndProject
Project("{2150E333-8FDC-42A3-9474-1A3956D46DE8}") = "Task7", "Task7", "{7C0E78E4-E508-48D2-9C56-8270A13F90E6}"
EndProject
Project("{FAE04EC0-301F-11D3-BF4B-00C04F79EFBC}") = "Tyuiu.FendelNS.Sprint4.Task7.V4", "Tyuiu.FendelNS.Sprint4.Task7.V4\Tyuiu.FendelNS.Sprint4.Task7.V4.csproj", "{F7DAEE26-73A0-4F6D-9025-69EC981BAF37}"
EndProject
Project("{FAE04EC0-301F-11D3-BF4B-00C04F79EFBC}") = "Tyuiu.FendelNS.Sprint4.Task7.V4.Lib", "Tyuiu.FendelNS.Sprint4.Task7.V4.Lib\Tyuiu.FendelNS.Sprint4.Task7.V4.Lib.csproj", "{28F26BDE-BA78-46DB-8193-D53AC593DA84}"
EndProject
Project("{FAE04EC0-301F-11D3-BF4B-00C04F79EFBC}") = "Tyuiu.FendelNS.Sprint4.Task7.V4.Test", "Tyuiu.FendelNS.Sprint4.Task7.V4.Test\Tyuiu.FendelNS.Sprint4.Task7.V4.Test.csproj", "{DD220435-DB27-4DDE-92B9-5334EAD473AA}"
EndProject
Global
	GlobalSection(SolutionConfigurationPlatforms) = preSolution
		Debug|Any CPU = Debug|Any CPU
		Release|Any CPU = Release|Any CPU
	EndGlobalSection
	GlobalSection(ProjectConfigurationPlatforms) = postSolution
		{263F4CE8-A183-4895-BFA0-E2E16D592083}.Debug|Any CPU.ActiveCfg = Debug|Any CPU
		{263F4CE8-A183-4895-BFA0-E2E16D592083}.Debug|Any CPU.Build.0 = Debug|Any CPU
		{263F4CE8-A183-4895-BFA0-E2E16D592083}.Release|Any CPU.ActiveCfg = Release|Any CPU
		{263F4CE8-A183-4895-BFA0-E2E16D592083}.Release|Any CPU.Build.0 = Release|Any CPU
		{3D4B5ED6-8C73-4D0B-A0B3-4ECFC7D0238B}.Debug|Any CPU.ActiveCfg = Debug|Any CPU
		{3D4B5ED6-8C73-4D0B-A0B3-4ECFC7D0238B}.Debug|Any CPU.Build.0 = Debug|Any CPU
		{3D4B5ED6-8C73-4D0B-A0B3-4ECFC7D0238B}.Release|Any CPU.ActiveCfg = Release|Any CPU
		{3D4B5ED6-8C73-4D0B-A0B3-4ECFC7D0238B}.Release|Any CPU.Build.0 = Release|Any CPU
		{529ED9E2-8127-4AFA-B6E6-B6CAE4994746}.Debug|Any CPU.ActiveCfg = Debug|Any CPU
		{529ED9E2-8127-4AFA-B6E6-B6CAE4994746}.Debug|Any CPU.Build.0 = Debug|Any CPU
		{529ED9E2-8127-4AFA-B6E6-B6CAE4994746}.Release|Any CPU.ActiveCfg = Release|Any CPU
		{529ED9E2-8127-4AFA-B6E6-B6CAE4994746}.Release|Any CPU.Build.0 = Release|Any CPU
		{017F9A18-983C-4A66-BDDE-809EEFB99F33}.Debug|Any CPU.ActiveCfg = Debug|Any CPU
		{017F9A18-983C-4A66-BDDE-809EEFB99F33}.Debug|Any CPU.Build.0 = Debug|Any CPU
		{017F9A18-983C-4A66-BDDE-809EEFB99F33}.Release|Any CPU.ActiveCfg = Release|Any CPU
		{017F9A18-983C-4A66-BDDE-809EEFB99F33}.Release|Any CPU.Build.0 = Release|Any CPU
		{21948101-6293-46A0-94A6-DC3701E9F774}.Debug|Any CPU.ActiveCfg = Debug|Any CPU
		{21948101-6293-46A0-94A6-DC3701E9F774}.Debug|Any CPU.Build.0 = Debug|Any CPU
		{21948101-6293-46A0-94A6-DC3701E9F774}.Release|Any CPU.ActiveCfg = Release|Any CPU
		{21948101-6293-46A0-94A6-DC3701E9F774}.Release|Any CPU.Build.0 = Release|Any CPU
		{9F7620E1-15C7-43C3-BAEC-916C0A978FD6}.Debug|Any CPU.ActiveCfg = Debug|Any CPU
		{9F7620E1-15C7-43C3-BAEC-916C0A978FD6}.Debug|Any CPU.Build.0 = Debug|Any CPU
		{9F7620E1-15C7-43C3-BAEC-916C0A978FD6}.Release|Any CPU.ActiveCfg = Release|Any CPU
		{9F7620E1-15C7-43C3-BAEC-916C0A978FD6}.Release|Any CPU.Build.0 = Release|Any CPU
		{C1CF085B-F5D3-460B-930B-DF7DCDEC5B62}.Debug|Any CPU.ActiveCfg = Debug|Any CPU
		{C1CF085B-F5D3-460B-930B-DF7DCDEC5B62}.Debug|Any CPU.Build.0 = Debug|Any CPU
		{C1CF085B-F5D3-460B-930B-DF7DCDEC5B62}.Release|Any CPU.ActiveCfg = Release|Any CPU
		{C1CF085B-F5D3-460B-930B-DF7DCDEC5B62}.Release|Any CPU.Build.0 = Release|Any CPU
		{8570492C-EE51-4EDD-81C1-011DFE157B12}.Debug|Any CPU.ActiveCfg = Debug|Any CPU
		{8570492C-EE51-4EDD-81C1-011DFE157B12}.Debug|Any CPU.Build.0 = Debug|Any CPU
		{8570492C-EE51-4EDD-81C1-011DFE157B12}.Release|Any CPU.ActiveCfg = Release|Any CPU
		{8570492C-EE51-4EDD-81C1-011DFE157B12}.Release|Any CPU.Build.0 = Release|Any CPU
		{19334758-A098-4FBF-8D4D-3F4A68D0FF51}.Debug|Any CPU.ActiveCfg = Debug|Any CPU
		{19334758-A098-4FBF-8D4D-3F4A68D0FF51}.Debug|Any CPU.Build.0 = Debug|Any CPU
		{19334758-A098-4FBF-8D4D-3F4A68D0FF51}.Release|Any CPU.ActiveCfg = Release|Any CPU
		{19334758-A098-4FBF-8D4D-3F4A68D0FF51}.Release|Any CPU.Build.0 = Release|Any CPU
		{C6A47237-B3AB-499D-B102-CBDCCA67172D}.Debug|Any CPU.ActiveCfg = Debug|Any CPU
		{C6A47237-B3AB-499D-B102-CBDCCA67172D}.Debug|Any CPU.Build.0 = Debug|Any CPU
		{C6A47237-B3AB-499D-B102-CBDCCA67172D}.Release|Any CPU.ActiveCfg = Release|Any CPU
		{C6A47237-B3AB-499D-B102-CBDCCA67172D}.Release|Any CPU.Build.0 = Release|Any CPU
		{67248972-C984-4B5F-8C1F-D924AD856491}.Debug|Any CPU.ActiveCfg = Debug|Any CPU
		{67248972-C984-4B5F-8C1F-D924AD856491}.Debug|Any CPU.Build.0 = Debug|Any CPU
		{67248972-C984-4B5F-8C1F-D924AD856491}.Release|Any CPU.ActiveCfg = Release|Any CPU
		{67248972-C984-4B5F-8C1F-D924AD856491}.Release|Any CPU.Build.0 = Release|Any CPU
		{490D2B16-2347-494E-BBCE-2FD9429499F8}.Debug|Any CPU.ActiveCfg = Debug|Any CPU
		{490D2B16-2347-494E-BBCE-2FD9429499F8}.Debug|Any CPU.Build.0 = Debug|Any CPU
		{490D2B16-2347-494E-BBCE-2FD9429499F8}.Release|Any CPU.ActiveCfg = Release|Any CPU
		{490D2B16-2347-494E-BBCE-2FD9429499F8}.Release|Any CPU.Build.0 = Release|Any CPU
		{DFC24431-4AF1-4E4F-8C28-BB1187B4B4BC}.Debug|Any CPU.ActiveCfg = Debug|Any CPU
		{DFC24431-4AF1-4E4F-8C28-BB1187B4B4BC}.Debug|Any CPU.Build.0 = Debug|Any CPU
		{DFC24431-4AF1-4E4F-8C28-BB1187B4B4BC}.Release|Any CPU.ActiveCfg = Release|Any CPU
		{DFC24431-4AF1-4E4F-8C28-BB1187B4B4BC}.Release|Any CPU.Build.0 = Release|Any CPU
		{984C6C4B-3CB1-44F1-A125-033FA2FA7343}.Debug|Any CPU.ActiveCfg = Debug|Any CPU
		{984C6C4B-3CB1-44F1-A125-033FA2FA7343}.Debug|Any CPU.Build.0 = Debug|Any CPU
		{984C6C4B-3CB1-44F1-A125-033FA2FA7343}.Release|Any CPU.ActiveCfg = Release|Any CPU
		{984C6C4B-3CB1-44F1-A125-033FA2FA7343}.Release|Any CPU.Build.0 = Release|Any CPU
		{722815BD-CB52-4267-8EAE-1701C49CFE40}.Debug|Any CPU.ActiveCfg = Debug|Any CPU
		{722815BD-CB52-4267-8EAE-1701C49CFE40}.Debug|Any CPU.Build.0 = Debug|Any CPU
		{722815BD-CB52-4267-8EAE-1701C49CFE40}.Release|Any CPU.ActiveCfg = Release|Any CPU
		{722815BD-CB52-4267-8EAE-1701C49CFE40}.Release|Any CPU.Build.0 = Release|Any CPU
		{07BDE007-32D5-4D1F-9BE8-232E796CB256}.Debug|Any CPU.ActiveCfg = Debug|Any CPU
		{07BDE007-32D5-4D1F-9BE8-232E796CB256}.Debug|Any CPU.Build.0 = Debug|Any CPU
		{07BDE007-32D5-4D1F-9BE8-232E796CB256}.Release|Any CPU.ActiveCfg = Release|Any CPU
		{07BDE007-32D5-4D1F-9BE8-232E796CB256}.Release|Any CPU.Build.0 = Release|Any CPU
		{718052E8-34A8-497D-B6BD-475559367E93}.Debug|Any CPU.ActiveCfg = Debug|Any CPU
		{718052E8-34A8-497D-B6BD-475559367E93}.Debug|Any CPU.Build.0 = Debug|Any CPU
		{718052E8-34A8-497D-B6BD-475559367E93}.Release|Any CPU.ActiveCfg = Release|Any CPU
		{718052E8-34A8-497D-B6BD-475559367E93}.Release|Any CPU.Build.0 = Release|Any CPU
		{67BACB35-DD16-4891-90CB-5C9A4D11D256}.Debug|Any CPU.ActiveCfg = Debug|Any CPU
		{67BACB35-DD16-4891-90CB-5C9A4D11D256}.Debug|Any CPU.Build.0 = Debug|Any CPU
		{67BACB35-DD16-4891-90CB-5C9A4D11D256}.Release|Any CPU.ActiveCfg = Release|Any CPU
		{67BACB35-DD16-4891-90CB-5C9A4D11D256}.Release|Any CPU.Build.0 = Release|Any CPU
		{06487094-7BA5-4E4E-A304-09B682E1EE22}.Debug|Any CPU.ActiveCfg = Debug|Any CPU
		{06487094-7BA5-4E4E-A304-09B682E1EE22}.Debug|Any CPU.Build.0 = Debug|Any CPU
		{06487094-7BA5-4E4E-A304-09B682E1EE22}.Release|Any CPU.ActiveCfg = Release|Any CPU
		{06487094-7BA5-4E4E-A304-09B682E1EE22}.Release|Any CPU.Build.0 = Release|Any CPU
		{1E07EECD-B7FF-4D81-8DAE-2804ACB6B3EE}.Debug|Any CPU.ActiveCfg = Debug|Any CPU
		{1E07EECD-B7FF-4D81-8DAE-2804ACB6B3EE}.Debug|Any CPU.Build.0 = Debug|Any CPU
		{1E07EECD-B7FF-4D81-8DAE-2804ACB6B3EE}.Release|Any CPU.ActiveCfg = Release|Any CPU
		{1E07EECD-B7FF-4D81-8DAE-2804ACB6B3EE}.Release|Any CPU.Build.0 = Release|Any CPU
		{18A2B420-31D5-4FEB-B706-05131C90984C}.Debug|Any CPU.ActiveCfg = Debug|Any CPU
		{18A2B420-31D5-4FEB-B706-05131C90984C}.Debug|Any CPU.Build.0 = Debug|Any CPU
		{18A2B420-31D5-4FEB-B706-05131C90984C}.Release|Any CPU.ActiveCfg = Release|Any CPU
		{18A2B420-31D5-4FEB-B706-05131C90984C}.Release|Any CPU.Build.0 = Release|Any CPU
		{F7DAEE26-73A0-4F6D-9025-69EC981BAF37}.Debug|Any CPU.ActiveCfg = Debug|Any CPU
		{F7DAEE26-73A0-4F6D-9025-69EC981BAF37}.Debug|Any CPU.Build.0 = Debug|Any CPU
		{F7DAEE26-73A0-4F6D-9025-69EC981BAF37}.Release|Any CPU.ActiveCfg = Release|Any CPU
		{F7DAEE26-73A0-4F6D-9025-69EC981BAF37}.Release|Any CPU.Build.0 = Release|Any CPU
		{28F26BDE-BA78-46DB-8193-D53AC593DA84}.Debug|Any CPU.ActiveCfg = Debug|Any CPU
		{28F26BDE-BA78-46DB-8193-D53AC593DA84}.Debug|Any CPU.Build.0 = Debug|Any CPU
		{28F26BDE-BA78-46DB-8193-D53AC593DA84}.Release|Any CPU.ActiveCfg = Release|Any CPU
		{28F26BDE-BA78-46DB-8193-D53AC593DA84}.Release|Any CPU.Build.0 = Release|Any CPU
		{DD220435-DB27-4DDE-92B9-5334EAD473AA}.Debug|Any CPU.ActiveCfg = Debug|Any CPU
		{DD220435-DB27-4DDE-92B9-5334EAD473AA}.Debug|Any CPU.Build.0 = Debug|Any CPU
		{DD220435-DB27-4DDE-92B9-5334EAD473AA}.Release|Any CPU.ActiveCfg = Release|Any CPU
		{DD220435-DB27-4DDE-92B9-5334EAD473AA}.Release|Any CPU.Build.0 = Release|Any CPU
	EndGlobalSection
	GlobalSection(SolutionProperties) = preSolution
		HideSolutionNode = FALSE
	EndGlobalSection
	GlobalSection(NestedProjects) = preSolution
		{263F4CE8-A183-4895-BFA0-E2E16D592083} = {C20B93AD-CEA5-48B2-88FB-A83AA34E1BFD}
		{3D4B5ED6-8C73-4D0B-A0B3-4ECFC7D0238B} = {C20B93AD-CEA5-48B2-88FB-A83AA34E1BFD}
		{529ED9E2-8127-4AFA-B6E6-B6CAE4994746} = {C20B93AD-CEA5-48B2-88FB-A83AA34E1BFD}
		{017F9A18-983C-4A66-BDDE-809EEFB99F33} = {64F2103E-8106-4E19-ACAF-7F158CF220C4}
		{21948101-6293-46A0-94A6-DC3701E9F774} = {64F2103E-8106-4E19-ACAF-7F158CF220C4}
		{9F7620E1-15C7-43C3-BAEC-916C0A978FD6} = {64F2103E-8106-4E19-ACAF-7F158CF220C4}
		{C1CF085B-F5D3-460B-930B-DF7DCDEC5B62} = {F4A6AA95-1D79-4810-9D33-9A045C8072A2}
		{8570492C-EE51-4EDD-81C1-011DFE157B12} = {F4A6AA95-1D79-4810-9D33-9A045C8072A2}
		{19334758-A098-4FBF-8D4D-3F4A68D0FF51} = {F4A6AA95-1D79-4810-9D33-9A045C8072A2}
		{C6A47237-B3AB-499D-B102-CBDCCA67172D} = {82C4359A-177D-48FB-8444-3B7DD04D461F}
		{67248972-C984-4B5F-8C1F-D924AD856491} = {82C4359A-177D-48FB-8444-3B7DD04D461F}
		{490D2B16-2347-494E-BBCE-2FD9429499F8} = {82C4359A-177D-48FB-8444-3B7DD04D461F}
		{DFC24431-4AF1-4E4F-8C28-BB1187B4B4BC} = {327B9361-718C-427F-A8F5-DCF300489B39}
		{984C6C4B-3CB1-44F1-A125-033FA2FA7343} = {327B9361-718C-427F-A8F5-DCF300489B39}
		{722815BD-CB52-4267-8EAE-1701C49CFE40} = {327B9361-718C-427F-A8F5-DCF300489B39}
		{07BDE007-32D5-4D1F-9BE8-232E796CB256} = {F56A8C4E-D833-445B-84F0-D98DDCFE09C3}
		{718052E8-34A8-497D-B6BD-475559367E93} = {F56A8C4E-D833-445B-84F0-D98DDCFE09C3}
		{67BACB35-DD16-4891-90CB-5C9A4D11D256} = {F56A8C4E-D833-445B-84F0-D98DDCFE09C3}
		{06487094-7BA5-4E4E-A304-09B682E1EE22} = {0F1BCEB6-F1C8-462C-9747-358E54F9729A}
		{1E07EECD-B7FF-4D81-8DAE-2804ACB6B3EE} = {0F1BCEB6-F1C8-462C-9747-358E54F9729A}
		{18A2B420-31D5-4FEB-B706-05131C90984C} = {0F1BCEB6-F1C8-462C-9747-358E54F9729A}
		{F7DAEE26-73A0-4F6D-9025-69EC981BAF37} = {7C0E78E4-E508-48D2-9C56-8270A13F90E6}
		{28F26BDE-BA78-46DB-8193-D53AC593DA84} = {7C0E78E4-E508-48D2-9C56-8270A13F90E6}
		{DD220435-DB27-4DDE-92B9-5334EAD473AA} = {7C0E78E4-E508-48D2-9C56-8270A13F90E6}
	EndGlobalSection
EndGlobal
